
Microsoft Visual Studio Solution File, Format Version 12.00
# Visual Studio Version 16
VisualStudioVersion = 16.0.29201.188
MinimumVisualStudioVersion = 10.0.40219.1
Project("{FAE04EC0-301F-11D3-BF4B-00C04F79EFBC}") = "HelperTool", "HelperTool\HelperTool.csproj", "{699044D1-3C9C-4AE2-B61D-8547907A21B4}"
EndProject
Global
	GlobalSection(SolutionConfigurationPlatforms) = preSolution
		Debug|Any CPU = Debug|Any CPU
		Release|Any CPU = Release|Any CPU
	EndGlobalSection
	GlobalSection(ProjectConfigurationPlatforms) = postSolution
		{699044D1-3C9C-4AE2-B61D-8547907A21B4}.Debug|Any CPU.ActiveCfg = Debug|Any CPU
		{699044D1-3C9C-4AE2-B61D-8547907A21B4}.Debug|Any CPU.Build.0 = Debug|Any CPU
		{699044D1-3C9C-4AE2-B61D-8547907A21B4}.Release|Any CPU.ActiveCfg = Release|Any CPU
		{699044D1-3C9C-4AE2-B61D-8547907A21B4}.Release|Any CPU.Build.0 = Release|Any CPU
	EndGlobalSection
	GlobalSection(SolutionProperties) = preSolution
		HideSolutionNode = FALSE
	EndGlobalSection
	GlobalSection(ExtensibilityGlobals) = postSolution
		SolutionGuid = {0C0477F6-2899-46B3-87D9-1ABEF7F17A2A}
	EndGlobalSection
EndGlobal
