
Microsoft Visual Studio Solution File, Format Version 12.00
# Visual Studio Version 16
VisualStudioVersion = 16.0.29009.5
MinimumVisualStudioVersion = 10.0.40219.1
Project("{FAE04EC0-301F-11D3-BF4B-00C04F79EFBC}") = "DKHP", "Proxy_selenium_WPF\DKHP.csproj", "{BDAC8A0F-6FDC-4F78-A263-746E3630EC5A}"
EndProject
Global
	GlobalSection(SolutionConfigurationPlatforms) = preSolution
		Debug|Any CPU = Debug|Any CPU
		Release|Any CPU = Release|Any CPU
	EndGlobalSection
	GlobalSection(ProjectConfigurationPlatforms) = postSolution
		{BDAC8A0F-6FDC-4F78-A263-746E3630EC5A}.Debug|Any CPU.ActiveCfg = Debug|Any CPU
		{BDAC8A0F-6FDC-4F78-A263-746E3630EC5A}.Debug|Any CPU.Build.0 = Debug|Any CPU
		{BDAC8A0F-6FDC-4F78-A263-746E3630EC5A}.Release|Any CPU.ActiveCfg = Release|Any CPU
		{BDAC8A0F-6FDC-4F78-A263-746E3630EC5A}.Release|Any CPU.Build.0 = Release|Any CPU
	EndGlobalSection
	GlobalSection(SolutionProperties) = preSolution
		HideSolutionNode = FALSE
	EndGlobalSection
	GlobalSection(ExtensibilityGlobals) = postSolution
		SolutionGuid = {287BC1A4-F0E8-4848-B527-73C0C63DF2C2}
	EndGlobalSection
EndGlobal
