
Microsoft Visual Studio Solution File, Format Version 12.00
# Blend for Visual Studio Version 16
VisualStudioVersion = 16.0.29519.181
MinimumVisualStudioVersion = 10.0.40219.1
Project("{FAE04EC0-301F-11D3-BF4B-00C04F79EFBC}") = "Task4Thu4", "Task4Thu4\Task4Thu4.csproj", "{52B04CF8-DA53-4E60-ACF4-67C9B5323312}"
EndProject
Global
	GlobalSection(SolutionConfigurationPlatforms) = preSolution
		Debug|Any CPU = Debug|Any CPU
		Release|Any CPU = Release|Any CPU
	EndGlobalSection
	GlobalSection(ProjectConfigurationPlatforms) = postSolution
		{52B04CF8-DA53-4E60-ACF4-67C9B5323312}.Debug|Any CPU.ActiveCfg = Debug|Any CPU
		{52B04CF8-DA53-4E60-ACF4-67C9B5323312}.Debug|Any CPU.Build.0 = Debug|Any CPU
		{52B04CF8-DA53-4E60-ACF4-67C9B5323312}.Release|Any CPU.ActiveCfg = Release|Any CPU
		{52B04CF8-DA53-4E60-ACF4-67C9B5323312}.Release|Any CPU.Build.0 = Release|Any CPU
	EndGlobalSection
	GlobalSection(SolutionProperties) = preSolution
		HideSolutionNode = FALSE
	EndGlobalSection
	GlobalSection(ExtensibilityGlobals) = postSolution
		SolutionGuid = {C356B734-FE2D-4C7D-80BE-C7E4CD172640}
	EndGlobalSection
EndGlobal
