
Microsoft Visual Studio Solution File, Format Version 12.00
# Visual Studio Version 16
VisualStudioVersion = 16.0.29009.5
MinimumVisualStudioVersion = 10.0.40219.1
Project("{FAE04EC0-301F-11D3-BF4B-00C04F79EFBC}") = "DockPanel", "DockPanel\DockPanel.csproj", "{A6C3321C-A0F8-439C-90A1-FB5CAE33A5B3}"
EndProject
Global
	GlobalSection(SolutionConfigurationPlatforms) = preSolution
		Debug|Any CPU = Debug|Any CPU
		Release|Any CPU = Release|Any CPU
	EndGlobalSection
	GlobalSection(ProjectConfigurationPlatforms) = postSolution
		{A6C3321C-A0F8-439C-90A1-FB5CAE33A5B3}.Debug|Any CPU.ActiveCfg = Debug|Any CPU
		{A6C3321C-A0F8-439C-90A1-FB5CAE33A5B3}.Debug|Any CPU.Build.0 = Debug|Any CPU
		{A6C3321C-A0F8-439C-90A1-FB5CAE33A5B3}.Release|Any CPU.ActiveCfg = Release|Any CPU
		{A6C3321C-A0F8-439C-90A1-FB5CAE33A5B3}.Release|Any CPU.Build.0 = Release|Any CPU
	EndGlobalSection
	GlobalSection(SolutionProperties) = preSolution
		HideSolutionNode = FALSE
	EndGlobalSection
	GlobalSection(ExtensibilityGlobals) = postSolution
		SolutionGuid = {AEA18E00-3E18-45DB-9EE7-C7FFBB65ACAA}
	EndGlobalSection
EndGlobal
